{
  "name": "vulnerable-transitive-app",
  "version": "1.0.0",
  "lockfileVersion": 3,
  "requires": true,
  "packages": {
    "": {
      "name": "vulnerable-transitive-app",
      "version": "1.0.0",
      "dependencies": {
        "body-parser": "1.19.0",
        "dotenv": "8.2.0",
        "jsonwebtoken": "9.0.0",
        "ejs": "3.1.10",
        "axios": "1.13.5",
        "express": "4.20.0"
      },
      "devDependencies": {
        "webpack": "4.46.0",
        "webpack-cli": "3.3.12"
      }
    },
    "node_modules/body-parser": {
      "version": "1.19.0",
      "resolved": "https://registry.npmjs.org/body-parser/-/body-parser-1.19.0.tgz",
      "integrity": "sha512-dhEPs72UPbDnAQJ9ZKMNTP6ptJaionhP5cBb541nXPlW60Jepo9RV/a4fX4XWW9CuFNK22krhrj1+rgzifNCsw==",
      "dependencies": {
        "qs": "6.7.0",
        "depd": "~1.1.2",
        "bytes": "3.1.0",
        "debug": "2.6.9",
        "type-is": "~1.6.17",
        "raw-body": "2.4.0",
        "iconv-lite": "0.4.24",
        "http-errors": "1.7.2",
        "on-finished": "~2.3.0",
        "content-type": "~1.0.4"
      }
    },
    "node_modules/dotenv": {
      "version": "8.2.0",
      "resolved": "https://registry.npmjs.org/dotenv/-/dotenv-8.2.0.tgz",
      "integrity": "sha512-8sJ78ElpbDJBHNeBzUbUVLsqKdccaa/BXF1uPTw3GrvQTBgrQrtObr2mUrE38vzYd8cEv+m/JBfDLioYcfXoaw==",
      "dependencies": {}
    },
    "node_modules/jsonwebtoken": {
      "version": "9.0.0",
      "resolved": "https://registry.npmjs.org/jsonwebtoken/-/jsonwebtoken-9.0.0.tgz",
      "integrity": "sha512-tuGfYXxkQGDPnLJ7SibiQgVgeDgfbPq2k2ICcbgqW8WxWLBAxKQM/ZCu/IT8SOSwmaYl4dpTFCW5xZv7YbbWUw==",
      "dependencies": {
        "ms": "^2.1.1",
        "jws": "^3.2.2",
        "lodash": "^4.17.21",
        "semver": "^7.3.8"
      }
    },
    "node_modules/ejs": {
      "version": "3.1.10",
      "resolved": "https://registry.npmjs.org/ejs/-/ejs-3.1.10.tgz",
      "integrity": "sha512-UeJmFfOrAQS8OJWPZ4qtgHyWExa088/MtK5UEyoJGFH67cDEXkZSviOiKRCZ4Xij0zxI3JECgYs3oKx+AizQBA==",
      "dependencies": {
        "jake": "^10.8.5"
      }
    },
    "node_modules/axios": {
      "version": "1.13.5",
      "resolved": "https://registry.npmjs.org/axios/-/axios-1.13.5.tgz",
      "integrity": "sha512-cz4ur7Vb0xS4/KUN0tPWe44eqxrIu31me+fbang3ijiNscE129POzipJJA6zniq2C/Z6sJCjMimjS8Lc/GAs8Q==",
      "dependencies": {
        "form-data": "^4.0.5",
        "proxy-from-env": "^1.1.0",
        "follow-redirects": "^1.15.11"
      }
    },
    "node_modules/express": {
      "version": "4.20.0",
      "resolved": "https://registry.npmjs.org/express/-/express-4.20.0.tgz",
      "integrity": "sha512-pLdae7I6QqShF5PnNTCVn4hI91Dx0Grkn2+IAsMTgMIKuQVte2dN9PeGSSAME2FR8anOhVA62QDIUaWVfEXVLw==",
      "dependencies": {
        "qs": "6.11.0",
        "depd": "2.0.0",
        "etag": "~1.8.1",
        "send": "0.19.0",
        "vary": "~1.1.2",
        "debug": "2.6.9",
        "fresh": "0.5.2",
        "cookie": "0.6.0",
        "accepts": "~1.3.8",
        "methods": "~1.1.2",
        "type-is": "~1.6.18",
        "parseurl": "~1.3.3",
        "statuses": "2.0.1",
        "encodeurl": "~2.0.0",
        "proxy-addr": "~2.0.7",
        "body-parser": "1.20.3",
        "escape-html": "~1.0.3",
        "http-errors": "2.0.0",
        "on-finished": "2.4.1",
        "safe-buffer": "5.2.1",
        "utils-merge": "1.0.1",
        "content-type": "~1.0.4",
        "finalhandler": "1.2.0",
        "range-parser": "~1.2.1",
        "serve-static": "1.16.0",
        "array-flatten": "1.1.1",
        "path-to-regexp": "0.1.10",
        "setprototypeof": "1.2.0",
        "cookie-signature": "1.0.6",
        "merge-descriptors": "1.0.3",
        "content-disposition": "0.5.4"
      }
    },
    "node_modules/webpack": {
      "version": "4.46.0",
      "resolved": "https://registry.npmjs.org/webpack/-/webpack-4.46.0.tgz",
      "integrity": "sha512-6jJuJjg8znb/xRItk7bkT0+Q7AHCYjjFnvKIWQPkNIOyRqoCGvkOs0ipeQzrqz4l5FtN5ZI/ukEHroeX/o1/5Q==",
      "dependencies": {
        "ajv": "^6.10.2",
        "acorn": "^6.4.1",
        "mkdirp": "^0.5.3",
        "tapable": "^1.1.3",
        "memory-fs": "^0.4.1",
        "neo-async": "^2.6.1",
        "watchpack": "^1.7.4",
        "micromatch": "^3.1.10",
        "ajv-keywords": "^3.4.1",
        "eslint-scope": "^4.0.3",
        "loader-utils": "^1.2.3",
        "schema-utils": "^1.0.0",
        "loader-runner": "^2.4.0",
        "webpack-sources": "^1.4.1",
        "enhanced-resolve": "^4.5.0",
        "node-libs-browser": "^2.2.1",
        "@webassemblyjs/ast": "1.9.0",
        "chrome-trace-event": "^1.0.2",
        "terser-webpack-plugin": "^1.4.3",
        "@webassemblyjs/wasm-edit": "1.9.0",
        "json-parse-better-errors": "^1.0.2",
        "@webassemblyjs/wasm-parser": "1.9.0",
        "@webassemblyjs/helper-module-context": "1.9.0"
      }
    },
    "node_modules/webpack-cli": {
      "version": "3.3.12",
      "resolved": "https://registry.npmjs.org/webpack-cli/-/webpack-cli-3.3.12.tgz",
      "integrity": "sha512-NVWBaz9k839ZH/sinurM+HcDvJOTXwSjYp1ku+5XKeOC03z8v5QitnK/x+lAxGXFyhdayoIf/GOpv85z3/xPag==",
      "dependencies": {
        "chalk": "^2.4.2",
        "yargs": "^13.3.2",
        "interpret": "^1.4.0",
        "cross-spawn": "^6.0.5",
        "findup-sync": "^3.0.0",
        "import-local": "^2.0.0",
        "loader-utils": "^1.4.0",
        "global-modules": "^2.0.0",
        "supports-color": "^6.1.0",
        "enhanced-resolve": "^4.1.1",
        "v8-compile-cache": "^2.1.1"
      }
    }
  }
}